
Microsoft Visual Studio Solution File, Format Version 12.00
# Visual Studio Version 17
VisualStudioVersion = 17.8.34330.188
MinimumVisualStudioVersion = 10.0.40219.1
Project("{FAE04EC0-301F-11D3-BF4B-00C04F79EFBC}") = "eTicket", "eTicket\eTicket.csproj", "{9D4EC1CA-C965-4894-81B5-BC78B539F5DF}"
EndProject
Global
	GlobalSection(SolutionConfigurationPlatforms) = preSolution
		Debug|Any CPU = Debug|Any CPU
		Release|Any CPU = Release|Any CPU
	EndGlobalSection
	GlobalSection(ProjectConfigurationPlatforms) = postSolution
		{9D4EC1CA-C965-4894-81B5-BC78B539F5DF}.Debug|Any CPU.ActiveCfg = Debug|Any CPU
		{9D4EC1CA-C965-4894-81B5-BC78B539F5DF}.Debug|Any CPU.Build.0 = Debug|Any CPU
		{9D4EC1CA-C965-4894-81B5-BC78B539F5DF}.Release|Any CPU.ActiveCfg = Release|Any CPU
		{9D4EC1CA-C965-4894-81B5-BC78B539F5DF}.Release|Any CPU.Build.0 = Release|Any CPU
	EndGlobalSection
	GlobalSection(SolutionProperties) = preSolution
		HideSolutionNode = FALSE
	EndGlobalSection
	GlobalSection(ExtensibilityGlobals) = postSolution
		SolutionGuid = {4CB21EFE-1CAE-42E9-AE8B-08ADCDEF5A76}
	EndGlobalSection
EndGlobal
